
Microsoft Visual Studio Solution File, Format Version 12.00
# Visual Studio 15
VisualStudioVersion = 15.0.28307.960
MinimumVisualStudioVersion = 10.0.40219.1
Project("{FAE04EC0-301F-11D3-BF4B-00C04F79EFBC}") = "Fourplaces.Android", "Fourplaces\Fourplaces.Android\Fourplaces.Android.csproj", "{557C55A5-FC75-40C8-ADC3-853D149498E4}"
EndProject
Project("{FAE04EC0-301F-11D3-BF4B-00C04F79EFBC}") = "Fourplaces.iOS", "Fourplaces\Fourplaces.iOS\Fourplaces.iOS.csproj", "{84125BDF-0490-4EBB-AC9C-6EAEC0446974}"
EndProject
Project("{FAE04EC0-301F-11D3-BF4B-00C04F79EFBC}") = "Fourplaces", "Fourplaces\Fourplaces\Fourplaces.csproj", "{77F82272-16D9-4622-9874-5CA752529286}"
EndProject
Global
	GlobalSection(SolutionConfigurationPlatforms) = preSolution
		Ad-Hoc|Any CPU = Ad-Hoc|Any CPU
		Ad-Hoc|iPhone = Ad-Hoc|iPhone
		Ad-Hoc|iPhoneSimulator = Ad-Hoc|iPhoneSimulator
		AppStore|Any CPU = AppStore|Any CPU
		AppStore|iPhone = AppStore|iPhone
		AppStore|iPhoneSimulator = AppStore|iPhoneSimulator
		Debug|Any CPU = Debug|Any CPU
		Debug|iPhone = Debug|iPhone
		Debug|iPhoneSimulator = Debug|iPhoneSimulator
		Release|Any CPU = Release|Any CPU
		Release|iPhone = Release|iPhone
		Release|iPhoneSimulator = Release|iPhoneSimulator
	EndGlobalSection
	GlobalSection(ProjectConfigurationPlatforms) = postSolution
		{557C55A5-FC75-40C8-ADC3-853D149498E4}.Ad-Hoc|Any CPU.ActiveCfg = Release|Any CPU
		{557C55A5-FC75-40C8-ADC3-853D149498E4}.Ad-Hoc|Any CPU.Build.0 = Release|Any CPU
		{557C55A5-FC75-40C8-ADC3-853D149498E4}.Ad-Hoc|Any CPU.Deploy.0 = Release|Any CPU
		{557C55A5-FC75-40C8-ADC3-853D149498E4}.Ad-Hoc|iPhone.ActiveCfg = Release|Any CPU
		{557C55A5-FC75-40C8-ADC3-853D149498E4}.Ad-Hoc|iPhone.Build.0 = Release|Any CPU
		{557C55A5-FC75-40C8-ADC3-853D149498E4}.Ad-Hoc|iPhone.Deploy.0 = Release|Any CPU
		{557C55A5-FC75-40C8-ADC3-853D149498E4}.Ad-Hoc|iPhoneSimulator.ActiveCfg = Release|Any CPU
		{557C55A5-FC75-40C8-ADC3-853D149498E4}.Ad-Hoc|iPhoneSimulator.Build.0 = Release|Any CPU
		{557C55A5-FC75-40C8-ADC3-853D149498E4}.Ad-Hoc|iPhoneSimulator.Deploy.0 = Release|Any CPU
		{557C55A5-FC75-40C8-ADC3-853D149498E4}.AppStore|Any CPU.ActiveCfg = Release|Any CPU
		{557C55A5-FC75-40C8-ADC3-853D149498E4}.AppStore|Any CPU.Build.0 = Release|Any CPU
		{557C55A5-FC75-40C8-ADC3-853D149498E4}.AppStore|Any CPU.Deploy.0 = Release|Any CPU
		{557C55A5-FC75-40C8-ADC3-853D149498E4}.AppStore|iPhone.ActiveCfg = Release|Any CPU
		{557C55A5-FC75-40C8-ADC3-853D149498E4}.AppStore|iPhone.Build.0 = Release|Any CPU
		{557C55A5-FC75-40C8-ADC3-853D149498E4}.AppStore|iPhone.Deploy.0 = Release|Any CPU
		{557C55A5-FC75-40C8-ADC3-853D149498E4}.AppStore|iPhoneSimulator.ActiveCfg = Release|Any CPU
		{557C55A5-FC75-40C8-ADC3-853D149498E4}.AppStore|iPhoneSimulator.Build.0 = Release|Any CPU
		{557C55A5-FC75-40C8-ADC3-853D149498E4}.AppStore|iPhoneSimulator.Deploy.0 = Release|Any CPU
		{557C55A5-FC75-40C8-ADC3-853D149498E4}.Debug|Any CPU.ActiveCfg = Debug|Any CPU
		{557C55A5-FC75-40C8-ADC3-853D149498E4}.Debug|Any CPU.Build.0 = Debug|Any CPU
		{557C55A5-FC75-40C8-ADC3-853D149498E4}.Debug|Any CPU.Deploy.0 = Debug|Any CPU
		{557C55A5-FC75-40C8-ADC3-853D149498E4}.Debug|iPhone.ActiveCfg = Debug|Any CPU
		{557C55A5-FC75-40C8-ADC3-853D149498E4}.Debug|iPhone.Build.0 = Debug|Any CPU
		{557C55A5-FC75-40C8-ADC3-853D149498E4}.Debug|iPhone.Deploy.0 = Debug|Any CPU
		{557C55A5-FC75-40C8-ADC3-853D149498E4}.Debug|iPhoneSimulator.ActiveCfg = Debug|Any CPU
		{557C55A5-FC75-40C8-ADC3-853D149498E4}.Debug|iPhoneSimulator.Build.0 = Debug|Any CPU
		{557C55A5-FC75-40C8-ADC3-853D149498E4}.Debug|iPhoneSimulator.Deploy.0 = Debug|Any CPU
		{557C55A5-FC75-40C8-ADC3-853D149498E4}.Release|Any CPU.ActiveCfg = Release|Any CPU
		{557C55A5-FC75-40C8-ADC3-853D149498E4}.Release|Any CPU.Build.0 = Release|Any CPU
		{557C55A5-FC75-40C8-ADC3-853D149498E4}.Release|Any CPU.Deploy.0 = Release|Any CPU
		{557C55A5-FC75-40C8-ADC3-853D149498E4}.Release|iPhone.ActiveCfg = Release|Any CPU
		{557C55A5-FC75-40C8-ADC3-853D149498E4}.Release|iPhone.Build.0 = Release|Any CPU
		{557C55A5-FC75-40C8-ADC3-853D149498E4}.Release|iPhone.Deploy.0 = Release|Any CPU
		{557C55A5-FC75-40C8-ADC3-853D149498E4}.Release|iPhoneSimulator.ActiveCfg = Release|Any CPU
		{557C55A5-FC75-40C8-ADC3-853D149498E4}.Release|iPhoneSimulator.Build.0 = Release|Any CPU
		{557C55A5-FC75-40C8-ADC3-853D149498E4}.Release|iPhoneSimulator.Deploy.0 = Release|Any CPU
		{84125BDF-0490-4EBB-AC9C-6EAEC0446974}.Ad-Hoc|Any CPU.ActiveCfg = Ad-Hoc|iPhone
		{84125BDF-0490-4EBB-AC9C-6EAEC0446974}.Ad-Hoc|Any CPU.Build.0 = Ad-Hoc|iPhone
		{84125BDF-0490-4EBB-AC9C-6EAEC0446974}.Ad-Hoc|Any CPU.Deploy.0 = Ad-Hoc|iPhone
		{84125BDF-0490-4EBB-AC9C-6EAEC0446974}.Ad-Hoc|iPhone.ActiveCfg = Ad-Hoc|iPhone
		{84125BDF-0490-4EBB-AC9C-6EAEC0446974}.Ad-Hoc|iPhone.Build.0 = Ad-Hoc|iPhone
		{84125BDF-0490-4EBB-AC9C-6EAEC0446974}.Ad-Hoc|iPhone.Deploy.0 = Ad-Hoc|iPhone
		{84125BDF-0490-4EBB-AC9C-6EAEC0446974}.Ad-Hoc|iPhoneSimulator.ActiveCfg = Ad-Hoc|iPhoneSimulator
		{84125BDF-0490-4EBB-AC9C-6EAEC0446974}.Ad-Hoc|iPhoneSimulator.Build.0 = Ad-Hoc|iPhoneSimulator
		{84125BDF-0490-4EBB-AC9C-6EAEC0446974}.Ad-Hoc|iPhoneSimulator.Deploy.0 = Ad-Hoc|iPhoneSimulator
		{84125BDF-0490-4EBB-AC9C-6EAEC0446974}.AppStore|Any CPU.ActiveCfg = AppStore|iPhone
		{84125BDF-0490-4EBB-AC9C-6EAEC0446974}.AppStore|Any CPU.Build.0 = AppStore|iPhone
		{84125BDF-0490-4EBB-AC9C-6EAEC0446974}.AppStore|Any CPU.Deploy.0 = AppStore|iPhone
		{84125BDF-0490-4EBB-AC9C-6EAEC0446974}.AppStore|iPhone.ActiveCfg = AppStore|iPhone
		{84125BDF-0490-4EBB-AC9C-6EAEC0446974}.AppStore|iPhone.Build.0 = AppStore|iPhone
		{84125BDF-0490-4EBB-AC9C-6EAEC0446974}.AppStore|iPhone.Deploy.0 = AppStore|iPhone
		{84125BDF-0490-4EBB-AC9C-6EAEC0446974}.AppStore|iPhoneSimulator.ActiveCfg = AppStore|iPhoneSimulator
		{84125BDF-0490-4EBB-AC9C-6EAEC0446974}.AppStore|iPhoneSimulator.Build.0 = AppStore|iPhoneSimulator
		{84125BDF-0490-4EBB-AC9C-6EAEC0446974}.AppStore|iPhoneSimulator.Deploy.0 = AppStore|iPhoneSimulator
		{84125BDF-0490-4EBB-AC9C-6EAEC0446974}.Debug|Any CPU.ActiveCfg = Debug|iPhoneSimulator
		{84125BDF-0490-4EBB-AC9C-6EAEC0446974}.Debug|Any CPU.Build.0 = Debug|iPhoneSimulator
		{84125BDF-0490-4EBB-AC9C-6EAEC0446974}.Debug|Any CPU.Deploy.0 = Debug|iPhoneSimulator
		{84125BDF-0490-4EBB-AC9C-6EAEC0446974}.Debug|iPhone.ActiveCfg = Debug|iPhone
		{84125BDF-0490-4EBB-AC9C-6EAEC0446974}.Debug|iPhone.Build.0 = Debug|iPhone
		{84125BDF-0490-4EBB-AC9C-6EAEC0446974}.Debug|iPhone.Deploy.0 = Debug|iPhone
		{84125BDF-0490-4EBB-AC9C-6EAEC0446974}.Debug|iPhoneSimulator.ActiveCfg = Debug|iPhoneSimulator
		{84125BDF-0490-4EBB-AC9C-6EAEC0446974}.Debug|iPhoneSimulator.Build.0 = Debug|iPhoneSimulator
		{84125BDF-0490-4EBB-AC9C-6EAEC0446974}.Debug|iPhoneSimulator.Deploy.0 = Debug|iPhoneSimulator
		{84125BDF-0490-4EBB-AC9C-6EAEC0446974}.Release|Any CPU.ActiveCfg = Release|iPhone
		{84125BDF-0490-4EBB-AC9C-6EAEC0446974}.Release|Any CPU.Build.0 = Release|iPhone
		{84125BDF-0490-4EBB-AC9C-6EAEC0446974}.Release|Any CPU.Deploy.0 = Release|iPhone
		{84125BDF-0490-4EBB-AC9C-6EAEC0446974}.Release|iPhone.ActiveCfg = Release|iPhone
		{84125BDF-0490-4EBB-AC9C-6EAEC0446974}.Release|iPhone.Build.0 = Release|iPhone
		{84125BDF-0490-4EBB-AC9C-6EAEC0446974}.Release|iPhone.Deploy.0 = Release|iPhone
		{84125BDF-0490-4EBB-AC9C-6EAEC0446974}.Release|iPhoneSimulator.ActiveCfg = Release|iPhoneSimulator
		{84125BDF-0490-4EBB-AC9C-6EAEC0446974}.Release|iPhoneSimulator.Build.0 = Release|iPhoneSimulator
		{84125BDF-0490-4EBB-AC9C-6EAEC0446974}.Release|iPhoneSimulator.Deploy.0 = Release|iPhoneSimulator
		{77F82272-16D9-4622-9874-5CA752529286}.Ad-Hoc|Any CPU.ActiveCfg = Debug|Any CPU
		{77F82272-16D9-4622-9874-5CA752529286}.Ad-Hoc|Any CPU.Build.0 = Debug|Any CPU
		{77F82272-16D9-4622-9874-5CA752529286}.Ad-Hoc|Any CPU.Deploy.0 = Debug|Any CPU
		{77F82272-16D9-4622-9874-5CA752529286}.Ad-Hoc|iPhone.ActiveCfg = Debug|Any CPU
		{77F82272-16D9-4622-9874-5CA752529286}.Ad-Hoc|iPhone.Build.0 = Debug|Any CPU
		{77F82272-16D9-4622-9874-5CA752529286}.Ad-Hoc|iPhone.Deploy.0 = Debug|Any CPU
		{77F82272-16D9-4622-9874-5CA752529286}.Ad-Hoc|iPhoneSimulator.ActiveCfg = Debug|Any CPU
		{77F82272-16D9-4622-9874-5CA752529286}.Ad-Hoc|iPhoneSimulator.Build.0 = Debug|Any CPU
		{77F82272-16D9-4622-9874-5CA752529286}.Ad-Hoc|iPhoneSimulator.Deploy.0 = Debug|Any CPU
		{77F82272-16D9-4622-9874-5CA752529286}.AppStore|Any CPU.ActiveCfg = Debug|Any CPU
		{77F82272-16D9-4622-9874-5CA752529286}.AppStore|Any CPU.Build.0 = Debug|Any CPU
		{77F82272-16D9-4622-9874-5CA752529286}.AppStore|Any CPU.Deploy.0 = Debug|Any CPU
		{77F82272-16D9-4622-9874-5CA752529286}.AppStore|iPhone.ActiveCfg = Debug|Any CPU
		{77F82272-16D9-4622-9874-5CA752529286}.AppStore|iPhone.Build.0 = Debug|Any CPU
		{77F82272-16D9-4622-9874-5CA752529286}.AppStore|iPhone.Deploy.0 = Debug|Any CPU
		{77F82272-16D9-4622-9874-5CA752529286}.AppStore|iPhoneSimulator.ActiveCfg = Debug|Any CPU
		{77F82272-16D9-4622-9874-5CA752529286}.AppStore|iPhoneSimulator.Build.0 = Debug|Any CPU
		{77F82272-16D9-4622-9874-5CA752529286}.AppStore|iPhoneSimulator.Deploy.0 = Debug|Any CPU
		{77F82272-16D9-4622-9874-5CA752529286}.Debug|Any CPU.ActiveCfg = Debug|Any CPU
		{77F82272-16D9-4622-9874-5CA752529286}.Debug|Any CPU.Build.0 = Debug|Any CPU
		{77F82272-16D9-4622-9874-5CA752529286}.Debug|Any CPU.Deploy.0 = Debug|Any CPU
		{77F82272-16D9-4622-9874-5CA752529286}.Debug|iPhone.ActiveCfg = Debug|Any CPU
		{77F82272-16D9-4622-9874-5CA752529286}.Debug|iPhone.Build.0 = Debug|Any CPU
		{77F82272-16D9-4622-9874-5CA752529286}.Debug|iPhone.Deploy.0 = Debug|Any CPU
		{77F82272-16D9-4622-9874-5CA752529286}.Debug|iPhoneSimulator.ActiveCfg = Debug|Any CPU
		{77F82272-16D9-4622-9874-5CA752529286}.Debug|iPhoneSimulator.Build.0 = Debug|Any CPU
		{77F82272-16D9-4622-9874-5CA752529286}.Debug|iPhoneSimulator.Deploy.0 = Debug|Any CPU
		{77F82272-16D9-4622-9874-5CA752529286}.Release|Any CPU.ActiveCfg = Release|Any CPU
		{77F82272-16D9-4622-9874-5CA752529286}.Release|Any CPU.Build.0 = Release|Any CPU
		{77F82272-16D9-4622-9874-5CA752529286}.Release|Any CPU.Deploy.0 = Release|Any CPU
		{77F82272-16D9-4622-9874-5CA752529286}.Release|iPhone.ActiveCfg = Release|Any CPU
		{77F82272-16D9-4622-9874-5CA752529286}.Release|iPhone.Build.0 = Release|Any CPU
		{77F82272-16D9-4622-9874-5CA752529286}.Release|iPhone.Deploy.0 = Release|Any CPU
		{77F82272-16D9-4622-9874-5CA752529286}.Release|iPhoneSimulator.ActiveCfg = Release|Any CPU
		{77F82272-16D9-4622-9874-5CA752529286}.Release|iPhoneSimulator.Build.0 = Release|Any CPU
		{77F82272-16D9-4622-9874-5CA752529286}.Release|iPhoneSimulator.Deploy.0 = Release|Any CPU
	EndGlobalSection
	GlobalSection(SolutionProperties) = preSolution
		HideSolutionNode = FALSE
	EndGlobalSection
	GlobalSection(ExtensibilityGlobals) = postSolution
		SolutionGuid = {4CEA95FC-0BAF-4E9D-A9B1-091163261D90}
	EndGlobalSection
EndGlobal
